
Microsoft Visual Studio Solution File, Format Version 12.00
# Visual Studio Version 17
VisualStudioVersion = 17.7.34031.279
MinimumVisualStudioVersion = 10.0.40219.1
Project("{8BC9CEB8-8B4A-11D0-8D11-00A0C91BC942}") = "Courser", "Courser.vcxproj", "{D9A0D7DB-8844-4162-8543-3D5CCEE77885}"
EndProject
Project("{8BC9CEB8-8B4A-11D0-8D11-00A0C91BC942}") = "UnitTest", "..\UnitTest\UnitTest.vcxproj", "{3898817F-1A33-446A-8F38-204619B7745F}"
EndProject
Global
	GlobalSection(SolutionConfigurationPlatforms) = preSolution
		Debug|x64 = Debug|x64
		Debug|x86 = Debug|x86
		Release|x64 = Release|x64
		Release|x86 = Release|x86
	EndGlobalSection
	GlobalSection(ProjectConfigurationPlatforms) = postSolution
		{D9A0D7DB-8844-4162-8543-3D5CCEE77885}.Debug|x64.ActiveCfg = Debug|x64
		{D9A0D7DB-8844-4162-8543-3D5CCEE77885}.Debug|x64.Build.0 = Debug|x64
		{D9A0D7DB-8844-4162-8543-3D5CCEE77885}.Debug|x86.ActiveCfg = Debug|Win32
		{D9A0D7DB-8844-4162-8543-3D5CCEE77885}.Debug|x86.Build.0 = Debug|Win32
		{D9A0D7DB-8844-4162-8543-3D5CCEE77885}.Release|x64.ActiveCfg = Release|x64
		{D9A0D7DB-8844-4162-8543-3D5CCEE77885}.Release|x64.Build.0 = Release|x64
		{D9A0D7DB-8844-4162-8543-3D5CCEE77885}.Release|x86.ActiveCfg = Release|Win32
		{D9A0D7DB-8844-4162-8543-3D5CCEE77885}.Release|x86.Build.0 = Release|Win32
		{3898817F-1A33-446A-8F38-204619B7745F}.Debug|x64.ActiveCfg = Debug|x64
		{3898817F-1A33-446A-8F38-204619B7745F}.Debug|x64.Build.0 = Debug|x64
		{3898817F-1A33-446A-8F38-204619B7745F}.Debug|x86.ActiveCfg = Debug|Win32
		{3898817F-1A33-446A-8F38-204619B7745F}.Debug|x86.Build.0 = Debug|Win32
		{3898817F-1A33-446A-8F38-204619B7745F}.Release|x64.ActiveCfg = Release|x64
		{3898817F-1A33-446A-8F38-204619B7745F}.Release|x64.Build.0 = Release|x64
		{3898817F-1A33-446A-8F38-204619B7745F}.Release|x86.ActiveCfg = Release|Win32
		{3898817F-1A33-446A-8F38-204619B7745F}.Release|x86.Build.0 = Release|Win32
	EndGlobalSection
	GlobalSection(SolutionProperties) = preSolution
		HideSolutionNode = FALSE
	EndGlobalSection
	GlobalSection(ExtensibilityGlobals) = postSolution
		SolutionGuid = {28996D1D-79C6-4D05-BBDC-9C4811314514}
	EndGlobalSection
EndGlobal
